
Microsoft Visual Studio Solution File, Format Version 12.00
# Blend for Visual Studio Version 17
VisualStudioVersion = 17.0.31903.59
MinimumVisualStudioVersion = 10.0.40219.1
Project("{FAE04EC0-301F-11D3-BF4B-00C04F79EFBC}") = "محمد رسول رضاسلطانی تمرین 7 اعداد", "محمد رسول رضاسلطانی تمرین 7 اعداد\محمد رسول رضاسلطانی تمرین 7 اعداد.csproj", "{0FD3FA1F-05F7-4804-ABC7-21697EC94E1A}"
EndProject
Global
	GlobalSection(SolutionConfigurationPlatforms) = preSolution
		Debug|Any CPU = Debug|Any CPU
		Release|Any CPU = Release|Any CPU
	EndGlobalSection
	GlobalSection(ProjectConfigurationPlatforms) = postSolution
		{0FD3FA1F-05F7-4804-ABC7-21697EC94E1A}.Debug|Any CPU.ActiveCfg = Debug|Any CPU
		{0FD3FA1F-05F7-4804-ABC7-21697EC94E1A}.Debug|Any CPU.Build.0 = Debug|Any CPU
		{0FD3FA1F-05F7-4804-ABC7-21697EC94E1A}.Release|Any CPU.ActiveCfg = Release|Any CPU
		{0FD3FA1F-05F7-4804-ABC7-21697EC94E1A}.Release|Any CPU.Build.0 = Release|Any CPU
	EndGlobalSection
	GlobalSection(SolutionProperties) = preSolution
		HideSolutionNode = FALSE
	EndGlobalSection
	GlobalSection(ExtensibilityGlobals) = postSolution
		SolutionGuid = {CEC6E7C8-73F3-466D-A562-36397F2AEB55}
	EndGlobalSection
EndGlobal
