
Microsoft Visual Studio Solution File, Format Version 12.00
# Blend for Visual Studio Version 17
VisualStudioVersion = 17.0.31903.59
MinimumVisualStudioVersion = 10.0.40219.1
Project("{FAE04EC0-301F-11D3-BF4B-00C04F79EFBC}") = "محمد رسول رضاسلطانی 3", "محمد رسول رضاسلطانی 3\محمد رسول رضاسلطانی 3.csproj", "{5587DD5D-43D8-4B6F-8DA5-B952EA88AF16}"
EndProject
Global
	GlobalSection(SolutionConfigurationPlatforms) = preSolution
		Debug|Any CPU = Debug|Any CPU
		Release|Any CPU = Release|Any CPU
	EndGlobalSection
	GlobalSection(ProjectConfigurationPlatforms) = postSolution
		{5587DD5D-43D8-4B6F-8DA5-B952EA88AF16}.Debug|Any CPU.ActiveCfg = Debug|Any CPU
		{5587DD5D-43D8-4B6F-8DA5-B952EA88AF16}.Debug|Any CPU.Build.0 = Debug|Any CPU
		{5587DD5D-43D8-4B6F-8DA5-B952EA88AF16}.Release|Any CPU.ActiveCfg = Release|Any CPU
		{5587DD5D-43D8-4B6F-8DA5-B952EA88AF16}.Release|Any CPU.Build.0 = Release|Any CPU
	EndGlobalSection
	GlobalSection(SolutionProperties) = preSolution
		HideSolutionNode = FALSE
	EndGlobalSection
	GlobalSection(ExtensibilityGlobals) = postSolution
		SolutionGuid = {4A970BE1-AFCE-40CD-8538-9D34FC75075A}
	EndGlobalSection
EndGlobal
