
Microsoft Visual Studio Solution File, Format Version 12.00
# Blend for Visual Studio Version 17
VisualStudioVersion = 17.0.31903.59
MinimumVisualStudioVersion = 10.0.40219.1
Project("{FAE04EC0-301F-11D3-BF4B-00C04F79EFBC}") = "محمد رسول رضاسلطانی5", "محمد رسول رضاسلطانی5\محمد رسول رضاسلطانی5.csproj", "{2575F5AA-046D-4041-9871-177908155B68}"
EndProject
Global
	GlobalSection(SolutionConfigurationPlatforms) = preSolution
		Debug|Any CPU = Debug|Any CPU
		Release|Any CPU = Release|Any CPU
	EndGlobalSection
	GlobalSection(ProjectConfigurationPlatforms) = postSolution
		{2575F5AA-046D-4041-9871-177908155B68}.Debug|Any CPU.ActiveCfg = Debug|Any CPU
		{2575F5AA-046D-4041-9871-177908155B68}.Debug|Any CPU.Build.0 = Debug|Any CPU
		{2575F5AA-046D-4041-9871-177908155B68}.Release|Any CPU.ActiveCfg = Release|Any CPU
		{2575F5AA-046D-4041-9871-177908155B68}.Release|Any CPU.Build.0 = Release|Any CPU
	EndGlobalSection
	GlobalSection(SolutionProperties) = preSolution
		HideSolutionNode = FALSE
	EndGlobalSection
	GlobalSection(ExtensibilityGlobals) = postSolution
		SolutionGuid = {F2C69A1D-3B63-4573-8A21-47AB4135916E}
	EndGlobalSection
EndGlobal
